
Microsoft Visual Studio Solution File, Format Version 11.00
# Visual C++ Express 2010
Project("{8BC9CEB8-8B4A-11D0-8D11-00A0C91BC942}") = "libeudaq", "libeudaq.vcxproj", "{DE4B1E16-58E2-4B5F-B958-42C8E906B142}"
EndProject
Project("{8BC9CEB8-8B4A-11D0-8D11-00A0C91BC942}") = "TestProducer", "TestProducer.vcxproj", "{703ED459-8D74-4A87-90EE-F22AD4377B4A}"
	ProjectSection(ProjectDependencies) = postProject
		{DE4B1E16-58E2-4B5F-B958-42C8E906B142} = {DE4B1E16-58E2-4B5F-B958-42C8E906B142}
	EndProjectSection
EndProject
Global
	GlobalSection(SolutionConfigurationPlatforms) = preSolution
		Debug|Win32 = Debug|Win32
		Release|Win32 = Release|Win32
	EndGlobalSection
	GlobalSection(ProjectConfigurationPlatforms) = postSolution
		{DE4B1E16-58E2-4B5F-B958-42C8E906B142}.Debug|Win32.ActiveCfg = Debug|Win32
		{DE4B1E16-58E2-4B5F-B958-42C8E906B142}.Debug|Win32.Build.0 = Debug|Win32
		{DE4B1E16-58E2-4B5F-B958-42C8E906B142}.Release|Win32.ActiveCfg = Release|Win32
		{DE4B1E16-58E2-4B5F-B958-42C8E906B142}.Release|Win32.Build.0 = Release|Win32
		{703ED459-8D74-4A87-90EE-F22AD4377B4A}.Debug|Win32.ActiveCfg = Debug|Win32
		{703ED459-8D74-4A87-90EE-F22AD4377B4A}.Debug|Win32.Build.0 = Debug|Win32
		{703ED459-8D74-4A87-90EE-F22AD4377B4A}.Release|Win32.ActiveCfg = Release|Win32
		{703ED459-8D74-4A87-90EE-F22AD4377B4A}.Release|Win32.Build.0 = Release|Win32
	EndGlobalSection
	GlobalSection(SolutionProperties) = preSolution
		HideSolutionNode = FALSE
	EndGlobalSection
EndGlobal
